
Microsoft Visual Studio Solution File, Format Version 12.00
# Visual Studio Version 17
VisualStudioVersion = 17.0.31903.59
MinimumVisualStudioVersion = 10.0.40219.1
Project("{FAE04EC0-301F-11D3-BF4B-00C04F79EFBC}") = "NetKubernetes.Api", "NetKubernetes.Api\NetKubernetes.Api.csproj", "{F6F8A483-99EE-415C-BAE2-639EF0180D23}"
EndProject
Project("{FAE04EC0-301F-11D3-BF4B-00C04F79EFBC}") = "NetKubernetes.Models", "NetKubernetes.Models\NetKubernetes.Models.csproj", "{414F273E-2477-4C72-8FE4-C83675F2E3EC}"
EndProject
Project("{FAE04EC0-301F-11D3-BF4B-00C04F79EFBC}") = "NetKubernetes.Persistence", "NetKubernetes.Persistence\NetKubernetes.Persistence.csproj", "{C043F7FD-ED4B-4D36-90D7-D79F0037BE93}"
EndProject
Project("{FAE04EC0-301F-11D3-BF4B-00C04F79EFBC}") = "NetKubernetes.Token", "NetKubernetes.Token\NetKubernetes.Token.csproj", "{61DDC9E8-CD25-4BFF-A305-B41885472C93}"
EndProject
Project("{FAE04EC0-301F-11D3-BF4B-00C04F79EFBC}") = "NetKubernetes.Repository", "NetKubernetes.Repository\NetKubernetes.Repository.csproj", "{549EFEDD-CD37-457F-8B35-D69609BBA9DC}"
EndProject
Project("{FAE04EC0-301F-11D3-BF4B-00C04F79EFBC}") = "NetKubernetes.DTO", "NetKubernetes.DTO\NetKubernetes.DTO.csproj", "{D627CE4C-BD88-40EF-96C4-1D822676474A}"
EndProject
Project("{FAE04EC0-301F-11D3-BF4B-00C04F79EFBC}") = "NetKubernetes.Middleware", "NetKubernetes.Middleware\NetKubernetes.Middleware.csproj", "{7D494E52-9128-42F7-9270-7C7176FEA22D}"
EndProject
Project("{FAE04EC0-301F-11D3-BF4B-00C04F79EFBC}") = "NetKubernetes.Profiles", "NetKubernetes.Profiles\NetKubernetes.Profiles.csproj", "{220207AB-B256-4C2D-9197-9D6969A1A8A5}"
EndProject
Global
	GlobalSection(SolutionConfigurationPlatforms) = preSolution
		Debug|Any CPU = Debug|Any CPU
		Release|Any CPU = Release|Any CPU
	EndGlobalSection
	GlobalSection(SolutionProperties) = preSolution
		HideSolutionNode = FALSE
	EndGlobalSection
	GlobalSection(ProjectConfigurationPlatforms) = postSolution
		{F6F8A483-99EE-415C-BAE2-639EF0180D23}.Debug|Any CPU.ActiveCfg = Debug|Any CPU
		{F6F8A483-99EE-415C-BAE2-639EF0180D23}.Debug|Any CPU.Build.0 = Debug|Any CPU
		{F6F8A483-99EE-415C-BAE2-639EF0180D23}.Release|Any CPU.ActiveCfg = Release|Any CPU
		{F6F8A483-99EE-415C-BAE2-639EF0180D23}.Release|Any CPU.Build.0 = Release|Any CPU
		{414F273E-2477-4C72-8FE4-C83675F2E3EC}.Debug|Any CPU.ActiveCfg = Debug|Any CPU
		{414F273E-2477-4C72-8FE4-C83675F2E3EC}.Debug|Any CPU.Build.0 = Debug|Any CPU
		{414F273E-2477-4C72-8FE4-C83675F2E3EC}.Release|Any CPU.ActiveCfg = Release|Any CPU
		{414F273E-2477-4C72-8FE4-C83675F2E3EC}.Release|Any CPU.Build.0 = Release|Any CPU
		{64588E4C-A281-45C0-B2F5-DC3CD2E94A0F}.Debug|Any CPU.ActiveCfg = Debug|Any CPU
		{64588E4C-A281-45C0-B2F5-DC3CD2E94A0F}.Debug|Any CPU.Build.0 = Debug|Any CPU
		{64588E4C-A281-45C0-B2F5-DC3CD2E94A0F}.Release|Any CPU.ActiveCfg = Release|Any CPU
		{64588E4C-A281-45C0-B2F5-DC3CD2E94A0F}.Release|Any CPU.Build.0 = Release|Any CPU
		{C043F7FD-ED4B-4D36-90D7-D79F0037BE93}.Debug|Any CPU.ActiveCfg = Debug|Any CPU
		{C043F7FD-ED4B-4D36-90D7-D79F0037BE93}.Debug|Any CPU.Build.0 = Debug|Any CPU
		{C043F7FD-ED4B-4D36-90D7-D79F0037BE93}.Release|Any CPU.ActiveCfg = Release|Any CPU
		{C043F7FD-ED4B-4D36-90D7-D79F0037BE93}.Release|Any CPU.Build.0 = Release|Any CPU
		{61DDC9E8-CD25-4BFF-A305-B41885472C93}.Debug|Any CPU.ActiveCfg = Debug|Any CPU
		{61DDC9E8-CD25-4BFF-A305-B41885472C93}.Debug|Any CPU.Build.0 = Debug|Any CPU
		{61DDC9E8-CD25-4BFF-A305-B41885472C93}.Release|Any CPU.ActiveCfg = Release|Any CPU
		{61DDC9E8-CD25-4BFF-A305-B41885472C93}.Release|Any CPU.Build.0 = Release|Any CPU
		{549EFEDD-CD37-457F-8B35-D69609BBA9DC}.Debug|Any CPU.ActiveCfg = Debug|Any CPU
		{549EFEDD-CD37-457F-8B35-D69609BBA9DC}.Debug|Any CPU.Build.0 = Debug|Any CPU
		{549EFEDD-CD37-457F-8B35-D69609BBA9DC}.Release|Any CPU.ActiveCfg = Release|Any CPU
		{549EFEDD-CD37-457F-8B35-D69609BBA9DC}.Release|Any CPU.Build.0 = Release|Any CPU
		{D627CE4C-BD88-40EF-96C4-1D822676474A}.Debug|Any CPU.ActiveCfg = Debug|Any CPU
		{D627CE4C-BD88-40EF-96C4-1D822676474A}.Debug|Any CPU.Build.0 = Debug|Any CPU
		{D627CE4C-BD88-40EF-96C4-1D822676474A}.Release|Any CPU.ActiveCfg = Release|Any CPU
		{D627CE4C-BD88-40EF-96C4-1D822676474A}.Release|Any CPU.Build.0 = Release|Any CPU
		{7D494E52-9128-42F7-9270-7C7176FEA22D}.Debug|Any CPU.ActiveCfg = Debug|Any CPU
		{7D494E52-9128-42F7-9270-7C7176FEA22D}.Debug|Any CPU.Build.0 = Debug|Any CPU
		{7D494E52-9128-42F7-9270-7C7176FEA22D}.Release|Any CPU.ActiveCfg = Release|Any CPU
		{7D494E52-9128-42F7-9270-7C7176FEA22D}.Release|Any CPU.Build.0 = Release|Any CPU
		{220207AB-B256-4C2D-9197-9D6969A1A8A5}.Debug|Any CPU.ActiveCfg = Debug|Any CPU
		{220207AB-B256-4C2D-9197-9D6969A1A8A5}.Debug|Any CPU.Build.0 = Debug|Any CPU
		{220207AB-B256-4C2D-9197-9D6969A1A8A5}.Release|Any CPU.ActiveCfg = Release|Any CPU
		{220207AB-B256-4C2D-9197-9D6969A1A8A5}.Release|Any CPU.Build.0 = Release|Any CPU
	EndGlobalSection
EndGlobal
